
Microsoft Visual Studio Solution File, Format Version 12.00
# Visual Studio Version 17
VisualStudioVersion = 17.14.37012.4 d17.14
MinimumVisualStudioVersion = 10.0.40219.1
Project("{FAE04EC0-301F-11D3-BF4B-00C04F79EFBC}") = "GeradorSql_Liffe", "GeradorSql_Liffe\GeradorSql_Liffe.csproj", "{96AB5412-DFA1-4E8F-95D7-31696C66E446}"
EndProject
Global
	GlobalSection(SolutionConfigurationPlatforms) = preSolution
		Debug|Any CPU = Debug|Any CPU
		Release|Any CPU = Release|Any CPU
	EndGlobalSection
	GlobalSection(ProjectConfigurationPlatforms) = postSolution
		{96AB5412-DFA1-4E8F-95D7-31696C66E446}.Debug|Any CPU.ActiveCfg = Debug|Any CPU
		{96AB5412-DFA1-4E8F-95D7-31696C66E446}.Debug|Any CPU.Build.0 = Debug|Any CPU
		{96AB5412-DFA1-4E8F-95D7-31696C66E446}.Release|Any CPU.ActiveCfg = Release|Any CPU
		{96AB5412-DFA1-4E8F-95D7-31696C66E446}.Release|Any CPU.Build.0 = Release|Any CPU
	EndGlobalSection
	GlobalSection(SolutionProperties) = preSolution
		HideSolutionNode = FALSE
	EndGlobalSection
	GlobalSection(ExtensibilityGlobals) = postSolution
		SolutionGuid = {FAE88D84-AC87-4E35-952A-F0B9CEB752AD}
	EndGlobalSection
EndGlobal
